// !$*UTF8*$!
{
	archiveVersion = 1;
	classes = {
	};
	objectVersion = 50;
	objects = {

/* Begin PBXBuildFile section */
		C126D21D22480568009AE5D4 /* HeaderView.swift in Sources */ = {isa = PBXBuildFile; fileRef = C126D21B22480568009AE5D4 /* HeaderView.swift */; };
		C126D2202248195E009AE5D4 /* RateCell.swift in Sources */ = {isa = PBXBuildFile; fileRef = C126D21F2248195E009AE5D4 /* RateCell.swift */; };
		C126D22222481EA4009AE5D4 /* DateHelpers.swift in Sources */ = {isa = PBXBuildFile; fileRef = C126D22122481EA4009AE5D4 /* DateHelpers.swift */; };
		C126D22422482790009AE5D4 /* CurrencyViewController.swift in Sources */ = {isa = PBXBuildFile; fileRef = C126D22322482790009AE5D4 /* CurrencyViewController.swift */; };
		C126D226224838C5009AE5D4 /* UIHelpers.swift in Sources */ = {isa = PBXBuildFile; fileRef = C126D225224838C5009AE5D4 /* UIHelpers.swift */; };
		C129B52D2246810900DDD303 /* ListViewController.swift in Sources */ = {isa = PBXBuildFile; fileRef = C129B52C2246810900DDD303 /* ListViewController.swift */; };
		C1A9A49F2243F5B4006DE559 /* Endpoint.swift in Sources */ = {isa = PBXBuildFile; fileRef = C1A9A49E2243F5B4006DE559 /* Endpoint.swift */; };
		C1A9A4A32243F832006DE559 /* Currency.swift in Sources */ = {isa = PBXBuildFile; fileRef = C1A9A4A22243F832006DE559 /* Currency.swift */; };
		C1A9A4A7224402DA006DE559 /* Double+Currency.swift in Sources */ = {isa = PBXBuildFile; fileRef = C1A9A4A6224402DA006DE559 /* Double+Currency.swift */; };
		C1A9A4AB22440F8D006DE559 /* CurrencyCell.swift in Sources */ = {isa = PBXBuildFile; fileRef = C1A9A4A922440F8D006DE559 /* CurrencyCell.swift */; };
		C1A9A4B122441103006DE559 /* PriceViewController.swift in Sources */ = {isa = PBXBuildFile; fileRef = C1A9A4B022441103006DE559 /* PriceViewController.swift */; };
		C1A9A4B322445712006DE559 /* Datastore.swift in Sources */ = {isa = PBXBuildFile; fileRef = C1A9A4B222445712006DE559 /* Datastore.swift */; };
		C1A9A4B62244A9F5006DE559 /* Constants.swift in Sources */ = {isa = PBXBuildFile; fileRef = C1A9A4B52244A9F5006DE559 /* Constants.swift */; };
		C1CBAB772242CEDC002092E3 /* AppDelegate.swift in Sources */ = {isa = PBXBuildFile; fileRef = C1CBAB762242CEDC002092E3 /* AppDelegate.swift */; };
		C1CBAB792242CEDC002092E3 /* HomeViewController.swift in Sources */ = {isa = PBXBuildFile; fileRef = C1CBAB782242CEDC002092E3 /* HomeViewController.swift */; };
		C1CBAB7C2242CEDC002092E3 /* Main.storyboard in Resources */ = {isa = PBXBuildFile; fileRef = C1CBAB7A2242CEDC002092E3 /* Main.storyboard */; };
		C1CBAB7E2242CEE0002092E3 /* Assets.xcassets in Resources */ = {isa = PBXBuildFile; fileRef = C1CBAB7D2242CEE0002092E3 /* Assets.xcassets */; };
		C1CBAB812242CEE0002092E3 /* LaunchScreen.storyboard in Resources */ = {isa = PBXBuildFile; fileRef = C1CBAB7F2242CEE0002092E3 /* LaunchScreen.storyboard */; };
		C1CBAB8C2242CEE0002092E3 /* BitcoinBoltTests.swift in Sources */ = {isa = PBXBuildFile; fileRef = C1CBAB8B2242CEE0002092E3 /* BitcoinBoltTests.swift */; };
		C1CBAB972242CEE0002092E3 /* BitcoinBoltUITests.swift in Sources */ = {isa = PBXBuildFile; fileRef = C1CBAB962242CEE0002092E3 /* BitcoinBoltUITests.swift */; };
		C1CBABA52242ECF7002092E3 /* ApiClient.swift in Sources */ = {isa = PBXBuildFile; fileRef = C1CBABA42242ECF7002092E3 /* ApiClient.swift */; };
		C1CBABA722430735002092E3 /* CurrentPrice.swift in Sources */ = {isa = PBXBuildFile; fileRef = C1CBABA622430734002092E3 /* CurrentPrice.swift */; };
		C1CBABA9224307A4002092E3 /* Price.swift in Sources */ = {isa = PBXBuildFile; fileRef = C1CBABA8224307A4002092E3 /* Price.swift */; };
/* End PBXBuildFile section */

/* Begin PBXContainerItemProxy section */
		C1CBAB882242CEE0002092E3 /* PBXContainerItemProxy */ = {
			isa = PBXContainerItemProxy;
			containerPortal = C1CBAB6B2242CEDC002092E3 /* Project object */;
			proxyType = 1;
			remoteGlobalIDString = C1CBAB722242CEDC002092E3;
			remoteInfo = BitcoinBolt;
		};
		C1CBAB932242CEE0002092E3 /* PBXContainerItemProxy */ = {
			isa = PBXContainerItemProxy;
			containerPortal = C1CBAB6B2242CEDC002092E3 /* Project object */;
			proxyType = 1;
			remoteGlobalIDString = C1CBAB722242CEDC002092E3;
			remoteInfo = BitcoinBolt;
		};
/* End PBXContainerItemProxy section */

/* Begin PBXFileReference section */
		C126D21B22480568009AE5D4 /* HeaderView.swift */ = {isa = PBXFileReference; lastKnownFileType = sourcecode.swift; path = HeaderView.swift; sourceTree = "<group>"; };
		C126D21F2248195E009AE5D4 /* RateCell.swift */ = {isa = PBXFileReference; lastKnownFileType = sourcecode.swift; path = RateCell.swift; sourceTree = "<group>"; };
		C126D22122481EA4009AE5D4 /* DateHelpers.swift */ = {isa = PBXFileReference; lastKnownFileType = sourcecode.swift; path = DateHelpers.swift; sourceTree = "<group>"; };
		C126D22322482790009AE5D4 /* CurrencyViewController.swift */ = {isa = PBXFileReference; lastKnownFileType = sourcecode.swift; path = CurrencyViewController.swift; sourceTree = "<group>"; };
		C126D225224838C5009AE5D4 /* UIHelpers.swift */ = {isa = PBXFileReference; lastKnownFileType = sourcecode.swift; path = UIHelpers.swift; sourceTree = "<group>"; };
		C129B52C2246810900DDD303 /* ListViewController.swift */ = {isa = PBXFileReference; lastKnownFileType = sourcecode.swift; path = ListViewController.swift; sourceTree = "<group>"; };
		C1A9A49E2243F5B4006DE559 /* Endpoint.swift */ = {isa = PBXFileReference; lastKnownFileType = sourcecode.swift; path = Endpoint.swift; sourceTree = "<group>"; };
		C1A9A4A22243F832006DE559 /* Currency.swift */ = {isa = PBXFileReference; lastKnownFileType = sourcecode.swift; path = Currency.swift; sourceTree = "<group>"; };
		C1A9A4A6224402DA006DE559 /* Double+Currency.swift */ = {isa = PBXFileReference; lastKnownFileType = sourcecode.swift; path = "Double+Currency.swift"; sourceTree = "<group>"; };
		C1A9A4A922440F8D006DE559 /* CurrencyCell.swift */ = {isa = PBXFileReference; lastKnownFileType = sourcecode.swift; path = CurrencyCell.swift; sourceTree = "<group>"; };
		C1A9A4B022441103006DE559 /* PriceViewController.swift */ = {isa = PBXFileReference; lastKnownFileType = sourcecode.swift; path = PriceViewController.swift; sourceTree = "<group>"; };
		C1A9A4B222445712006DE559 /* Datastore.swift */ = {isa = PBXFileReference; lastKnownFileType = sourcecode.swift; path = Datastore.swift; sourceTree = "<group>"; };
		C1A9A4B52244A9F5006DE559 /* Constants.swift */ = {isa = PBXFileReference; lastKnownFileType = sourcecode.swift; path = Constants.swift; sourceTree = "<group>"; };
		C1CBAB732242CEDC002092E3 /* BitcoinBolt.app */ = {isa = PBXFileReference; explicitFileType = wrapper.application; includeInIndex = 0; path = BitcoinBolt.app; sourceTree = BUILT_PRODUCTS_DIR; };
		C1CBAB762242CEDC002092E3 /* AppDelegate.swift */ = {isa = PBXFileReference; lastKnownFileType = sourcecode.swift; path = AppDelegate.swift; sourceTree = "<group>"; };
		C1CBAB782242CEDC002092E3 /* HomeViewController.swift */ = {isa = PBXFileReference; lastKnownFileType = sourcecode.swift; path = HomeViewController.swift; sourceTree = "<group>"; };
		C1CBAB7B2242CEDC002092E3 /* Base */ = {isa = PBXFileReference; lastKnownFileType = file.storyboard; name = Base; path = Base.lproj/Main.storyboard; sourceTree = "<group>"; };
		C1CBAB7D2242CEE0002092E3 /* Assets.xcassets */ = {isa = PBXFileReference; lastKnownFileType = folder.assetcatalog; path = Assets.xcassets; sourceTree = "<group>"; };
		C1CBAB802242CEE0002092E3 /* Base */ = {isa = PBXFileReference; lastKnownFileType = file.storyboard; name = Base; path = Base.lproj/LaunchScreen.storyboard; sourceTree = "<group>"; };
		C1CBAB822242CEE0002092E3 /* Info.plist */ = {isa = PBXFileReference; lastKnownFileType = text.plist.xml; path = Info.plist; sourceTree = "<group>"; };
		C1CBAB872242CEE0002092E3 /* BitcoinBoltTests.xctest */ = {isa = PBXFileReference; explicitFileType = wrapper.cfbundle; includeInIndex = 0; path = BitcoinBoltTests.xctest; sourceTree = BUILT_PRODUCTS_DIR; };
		C1CBAB8B2242CEE0002092E3 /* BitcoinBoltTests.swift */ = {isa = PBXFileReference; lastKnownFileType = sourcecode.swift; path = BitcoinBoltTests.swift; sourceTree = "<group>"; };
		C1CBAB8D2242CEE0002092E3 /* Info.plist */ = {isa = PBXFileReference; lastKnownFileType = text.plist.xml; path = Info.plist; sourceTree = "<group>"; };
		C1CBAB922242CEE0002092E3 /* BitcoinBoltUITests.xctest */ = {isa = PBXFileReference; explicitFileType = wrapper.cfbundle; includeInIndex = 0; path = BitcoinBoltUITests.xctest; sourceTree = BUILT_PRODUCTS_DIR; };
		C1CBAB962242CEE0002092E3 /* BitcoinBoltUITests.swift */ = {isa = PBXFileReference; lastKnownFileType = sourcecode.swift; path = BitcoinBoltUITests.swift; sourceTree = "<group>"; };
		C1CBAB982242CEE0002092E3 /* Info.plist */ = {isa = PBXFileReference; lastKnownFileType = text.plist.xml; path = Info.plist; sourceTree = "<group>"; };
		C1CBABA42242ECF7002092E3 /* ApiClient.swift */ = {isa = PBXFileReference; lastKnownFileType = sourcecode.swift; path = ApiClient.swift; sourceTree = "<group>"; };
		C1CBABA622430734002092E3 /* CurrentPrice.swift */ = {isa = PBXFileReference; lastKnownFileType = sourcecode.swift; path = CurrentPrice.swift; sourceTree = "<group>"; };
		C1CBABA8224307A4002092E3 /* Price.swift */ = {isa = PBXFileReference; lastKnownFileType = sourcecode.swift; path = Price.swift; sourceTree = "<group>"; };
/* End PBXFileReference section */

/* Begin PBXFrameworksBuildPhase section */
		C1CBAB702242CEDC002092E3 /* Frameworks */ = {
			isa = PBXFrameworksBuildPhase;
			buildActionMask = 2147483647;
			files = (
			);
			runOnlyForDeploymentPostprocessing = 0;
		};
		C1CBAB842242CEE0002092E3 /* Frameworks */ = {
			isa = PBXFrameworksBuildPhase;
			buildActionMask = 2147483647;
			files = (
			);
			runOnlyForDeploymentPostprocessing = 0;
		};
		C1CBAB8F2242CEE0002092E3 /* Frameworks */ = {
			isa = PBXFrameworksBuildPhase;
			buildActionMask = 2147483647;
			files = (
			);
			runOnlyForDeploymentPostprocessing = 0;
		};
/* End PBXFrameworksBuildPhase section */

/* Begin PBXGroup section */
		C126D22722483971009AE5D4 /* TO DELETE */ = {
			isa = PBXGroup;
			children = (
				C1A9A4AD22440F92006DE559 /* Currency Cell */,
				C1A9A4AF224410EA006DE559 /* PriceDetail */,
				C1CBAB782242CEDC002092E3 /* HomeViewController.swift */,
			);
			path = "TO DELETE";
			sourceTree = "<group>";
		};
		C166894B2245B39B0017C764 /* AppDelegate */ = {
			isa = PBXGroup;
			children = (
				C1CBAB762242CEDC002092E3 /* AppDelegate.swift */,
			);
			path = AppDelegate;
			sourceTree = "<group>";
		};
		C1A9A49D2243EE00006DE559 /* Networking */ = {
			isa = PBXGroup;
			children = (
				C1CBABA42242ECF7002092E3 /* ApiClient.swift */,
				C1A9A49E2243F5B4006DE559 /* Endpoint.swift */,
			);
			path = Networking;
			sourceTree = "<group>";
		};
		C1A9A4A02243F821006DE559 /* Utilities */ = {
			isa = PBXGroup;
			children = (
				C1A9A4B52244A9F5006DE559 /* Constants.swift */,
				C1A9A4A6224402DA006DE559 /* Double+Currency.swift */,
				C126D22122481EA4009AE5D4 /* DateHelpers.swift */,
				C126D225224838C5009AE5D4 /* UIHelpers.swift */,
			);
			path = Utilities;
			sourceTree = "<group>";
		};
		C1A9A4A12243F827006DE559 /* Models */ = {
			isa = PBXGroup;
			children = (
				C1CBABA8224307A4002092E3 /* Price.swift */,
				C1CBABA622430734002092E3 /* CurrentPrice.swift */,
				C1A9A4A22243F832006DE559 /* Currency.swift */,
			);
			path = Models;
			sourceTree = "<group>";
		};
		C1A9A4A822440F66006DE559 /* Views */ = {
			isa = PBXGroup;
			children = (
				C126D21F2248195E009AE5D4 /* RateCell.swift */,
			);
			path = Views;
			sourceTree = "<group>";
		};
		C1A9A4AD22440F92006DE559 /* Currency Cell */ = {
			isa = PBXGroup;
			children = (
				C1A9A4A922440F8D006DE559 /* CurrencyCell.swift */,
			);
			path = "Currency Cell";
			sourceTree = "<group>";
		};
		C1A9A4AE224410E3006DE559 /* Controllers */ = {
			isa = PBXGroup;
			children = (
				C129B52C2246810900DDD303 /* ListViewController.swift */,
				C126D21B22480568009AE5D4 /* HeaderView.swift */,
				C126D22322482790009AE5D4 /* CurrencyViewController.swift */,
			);
			path = Controllers;
			sourceTree = "<group>";
		};
		C1A9A4AF224410EA006DE559 /* PriceDetail */ = {
			isa = PBXGroup;
			children = (
				C1A9A4B022441103006DE559 /* PriceViewController.swift */,
			);
			path = PriceDetail;
			sourceTree = "<group>";
		};
		C1A9A4B422445939006DE559 /* Store */ = {
			isa = PBXGroup;
			children = (
				C1A9A4B222445712006DE559 /* Datastore.swift */,
			);
			path = Store;
			sourceTree = "<group>";
		};
		C1CBAB6A2242CEDC002092E3 = {
			isa = PBXGroup;
			children = (
				C1CBAB752242CEDC002092E3 /* BitcoinBolt */,
				C1CBAB8A2242CEE0002092E3 /* BitcoinBoltTests */,
				C1CBAB952242CEE0002092E3 /* BitcoinBoltUITests */,
				C1CBAB742242CEDC002092E3 /* Products */,
			);
			sourceTree = "<group>";
		};
		C1CBAB742242CEDC002092E3 /* Products */ = {
			isa = PBXGroup;
			children = (
				C1CBAB732242CEDC002092E3 /* BitcoinBolt.app */,
				C1CBAB872242CEE0002092E3 /* BitcoinBoltTests.xctest */,
				C1CBAB922242CEE0002092E3 /* BitcoinBoltUITests.xctest */,
			);
			name = Products;
			sourceTree = "<group>";
		};
		C1CBAB752242CEDC002092E3 /* BitcoinBolt */ = {
			isa = PBXGroup;
			children = (
				C126D22722483971009AE5D4 /* TO DELETE */,
				C166894B2245B39B0017C764 /* AppDelegate */,
				C1A9A4B422445939006DE559 /* Store */,
				C1A9A4AE224410E3006DE559 /* Controllers */,
				C1A9A4A822440F66006DE559 /* Views */,
				C1A9A4A12243F827006DE559 /* Models */,
				C1A9A4A02243F821006DE559 /* Utilities */,
				C1A9A49D2243EE00006DE559 /* Networking */,
				C1CBAB7A2242CEDC002092E3 /* Main.storyboard */,
				C1CBAB7D2242CEE0002092E3 /* Assets.xcassets */,
				C1CBAB7F2242CEE0002092E3 /* LaunchScreen.storyboard */,
				C1CBAB822242CEE0002092E3 /* Info.plist */,
			);
			path = BitcoinBolt;
			sourceTree = "<group>";
		};
		C1CBAB8A2242CEE0002092E3 /* BitcoinBoltTests */ = {
			isa = PBXGroup;
			children = (
				C1CBAB8B2242CEE0002092E3 /* BitcoinBoltTests.swift */,
				C1CBAB8D2242CEE0002092E3 /* Info.plist */,
			);
			path = BitcoinBoltTests;
			sourceTree = "<group>";
		};
		C1CBAB952242CEE0002092E3 /* BitcoinBoltUITests */ = {
			isa = PBXGroup;
			children = (
				C1CBAB962242CEE0002092E3 /* BitcoinBoltUITests.swift */,
				C1CBAB982242CEE0002092E3 /* Info.plist */,
			);
			path = BitcoinBoltUITests;
			sourceTree = "<group>";
		};
/* End PBXGroup section */

/* Begin PBXNativeTarget section */
		C1CBAB722242CEDC002092E3 /* BitcoinBolt */ = {
			isa = PBXNativeTarget;
			buildConfigurationList = C1CBAB9B2242CEE0002092E3 /* Build configuration list for PBXNativeTarget "BitcoinBolt" */;
			buildPhases = (
				C1CBAB6F2242CEDC002092E3 /* Sources */,
				C1CBAB702242CEDC002092E3 /* Frameworks */,
				C1CBAB712242CEDC002092E3 /* Resources */,
			);
			buildRules = (
			);
			dependencies = (
			);
			name = BitcoinBolt;
			productName = BitcoinBolt;
			productReference = C1CBAB732242CEDC002092E3 /* BitcoinBolt.app */;
			productType = "com.apple.product-type.application";
		};
		C1CBAB862242CEE0002092E3 /* BitcoinBoltTests */ = {
			isa = PBXNativeTarget;
			buildConfigurationList = C1CBAB9E2242CEE0002092E3 /* Build configuration list for PBXNativeTarget "BitcoinBoltTests" */;
			buildPhases = (
				C1CBAB832242CEE0002092E3 /* Sources */,
				C1CBAB842242CEE0002092E3 /* Frameworks */,
				C1CBAB852242CEE0002092E3 /* Resources */,
			);
			buildRules = (
			);
			dependencies = (
				C1CBAB892242CEE0002092E3 /* PBXTargetDependency */,
			);
			name = BitcoinBoltTests;
			productName = BitcoinBoltTests;
			productReference = C1CBAB872242CEE0002092E3 /* BitcoinBoltTests.xctest */;
			productType = "com.apple.product-type.bundle.unit-test";
		};
		C1CBAB912242CEE0002092E3 /* BitcoinBoltUITests */ = {
			isa = PBXNativeTarget;
			buildConfigurationList = C1CBABA12242CEE0002092E3 /* Build configuration list for PBXNativeTarget "BitcoinBoltUITests" */;
			buildPhases = (
				C1CBAB8E2242CEE0002092E3 /* Sources */,
				C1CBAB8F2242CEE0002092E3 /* Frameworks */,
				C1CBAB902242CEE0002092E3 /* Resources */,
			);
			buildRules = (
			);
			dependencies = (
				C1CBAB942242CEE0002092E3 /* PBXTargetDependency */,
			);
			name = BitcoinBoltUITests;
			productName = BitcoinBoltUITests;
			productReference = C1CBAB922242CEE0002092E3 /* BitcoinBoltUITests.xctest */;
			productType = "com.apple.product-type.bundle.ui-testing";
		};
/* End PBXNativeTarget section */

/* Begin PBXProject section */
		C1CBAB6B2242CEDC002092E3 /* Project object */ = {
			isa = PBXProject;
			attributes = {
				LastSwiftUpdateCheck = 1010;
				LastUpgradeCheck = 1010;
				ORGANIZATIONNAME = "Johann Kerr";
				TargetAttributes = {
					C1CBAB722242CEDC002092E3 = {
						CreatedOnToolsVersion = 10.1;
					};
					C1CBAB862242CEE0002092E3 = {
						CreatedOnToolsVersion = 10.1;
						TestTargetID = C1CBAB722242CEDC002092E3;
					};
					C1CBAB912242CEE0002092E3 = {
						CreatedOnToolsVersion = 10.1;
						TestTargetID = C1CBAB722242CEDC002092E3;
					};
				};
			};
			buildConfigurationList = C1CBAB6E2242CEDC002092E3 /* Build configuration list for PBXProject "BitcoinBolt" */;
			compatibilityVersion = "Xcode 9.3";
			developmentRegion = en;
			hasScannedForEncodings = 0;
			knownRegions = (
				en,
				Base,
			);
			mainGroup = C1CBAB6A2242CEDC002092E3;
			productRefGroup = C1CBAB742242CEDC002092E3 /* Products */;
			projectDirPath = "";
			projectRoot = "";
			targets = (
				C1CBAB722242CEDC002092E3 /* BitcoinBolt */,
				C1CBAB862242CEE0002092E3 /* BitcoinBoltTests */,
				C1CBAB912242CEE0002092E3 /* BitcoinBoltUITests */,
			);
		};
/* End PBXProject section */

/* Begin PBXResourcesBuildPhase section */
		C1CBAB712242CEDC002092E3 /* Resources */ = {
			isa = PBXResourcesBuildPhase;
			buildActionMask = 2147483647;
			files = (
				C1CBAB812242CEE0002092E3 /* LaunchScreen.storyboard in Resources */,
				C1CBAB7E2242CEE0002092E3 /* Assets.xcassets in Resources */,
				C1CBAB7C2242CEDC002092E3 /* Main.storyboard in Resources */,
			);
			runOnlyForDeploymentPostprocessing = 0;
		};
		C1CBAB852242CEE0002092E3 /* Resources */ = {
			isa = PBXResourcesBuildPhase;
			buildActionMask = 2147483647;
			files = (
			);
			runOnlyForDeploymentPostprocessing = 0;
		};
		C1CBAB902242CEE0002092E3 /* Resources */ = {
			isa = PBXResourcesBuildPhase;
			buildActionMask = 2147483647;
			files = (
			);
			runOnlyForDeploymentPostprocessing = 0;
		};
/* End PBXResourcesBuildPhase section */

/* Begin PBXSourcesBuildPhase section */
		C1CBAB6F2242CEDC002092E3 /* Sources */ = {
			isa = PBXSourcesBuildPhase;
			buildActionMask = 2147483647;
			files = (
				C1CBAB792242CEDC002092E3 /* HomeViewController.swift in Sources */,
				C1CBAB772242CEDC002092E3 /* AppDelegate.swift in Sources */,
				C1CBABA52242ECF7002092E3 /* ApiClient.swift in Sources */,
				C126D226224838C5009AE5D4 /* UIHelpers.swift in Sources */,
				C1CBABA9224307A4002092E3 /* Price.swift in Sources */,
				C1A9A4B122441103006DE559 /* PriceViewController.swift in Sources */,
				C1A9A4A7224402DA006DE559 /* Double+Currency.swift in Sources */,
				C1A9A49F2243F5B4006DE559 /* Endpoint.swift in Sources */,
				C1A9A4B322445712006DE559 /* Datastore.swift in Sources */,
				C1A9A4AB22440F8D006DE559 /* CurrencyCell.swift in Sources */,
				C126D21D22480568009AE5D4 /* HeaderView.swift in Sources */,
				C126D22422482790009AE5D4 /* CurrencyViewController.swift in Sources */,
				C126D22222481EA4009AE5D4 /* DateHelpers.swift in Sources */,
				C1A9A4A32243F832006DE559 /* Currency.swift in Sources */,
				C126D2202248195E009AE5D4 /* RateCell.swift in Sources */,
				C1CBABA722430735002092E3 /* CurrentPrice.swift in Sources */,
				C129B52D2246810900DDD303 /* ListViewController.swift in Sources */,
				C1A9A4B62244A9F5006DE559 /* Constants.swift in Sources */,
			);
			runOnlyForDeploymentPostprocessing = 0;
		};
		C1CBAB832242CEE0002092E3 /* Sources */ = {
			isa = PBXSourcesBuildPhase;
			buildActionMask = 2147483647;
			files = (
				C1CBAB8C2242CEE0002092E3 /* BitcoinBoltTests.swift in Sources */,
			);
			runOnlyForDeploymentPostprocessing = 0;
		};
		C1CBAB8E2242CEE0002092E3 /* Sources */ = {
			isa = PBXSourcesBuildPhase;
			buildActionMask = 2147483647;
			files = (
				C1CBAB972242CEE0002092E3 /* BitcoinBoltUITests.swift in Sources */,
			);
			runOnlyForDeploymentPostprocessing = 0;
		};
/* End PBXSourcesBuildPhase section */

/* Begin PBXTargetDependency section */
		C1CBAB892242CEE0002092E3 /* PBXTargetDependency */ = {
			isa = PBXTargetDependency;
			target = C1CBAB722242CEDC002092E3 /* BitcoinBolt */;
			targetProxy = C1CBAB882242CEE0002092E3 /* PBXContainerItemProxy */;
		};
		C1CBAB942242CEE0002092E3 /* PBXTargetDependency */ = {
			isa = PBXTargetDependency;
			target = C1CBAB722242CEDC002092E3 /* BitcoinBolt */;
			targetProxy = C1CBAB932242CEE0002092E3 /* PBXContainerItemProxy */;
		};
/* End PBXTargetDependency section */

/* Begin PBXVariantGroup section */
		C1CBAB7A2242CEDC002092E3 /* Main.storyboard */ = {
			isa = PBXVariantGroup;
			children = (
				C1CBAB7B2242CEDC002092E3 /* Base */,
			);
			name = Main.storyboard;
			sourceTree = "<group>";
		};
		C1CBAB7F2242CEE0002092E3 /* LaunchScreen.storyboard */ = {
			isa = PBXVariantGroup;
			children = (
				C1CBAB802242CEE0002092E3 /* Base */,
			);
			name = LaunchScreen.storyboard;
			sourceTree = "<group>";
		};
/* End PBXVariantGroup section */

/* Begin XCBuildConfiguration section */
		C1CBAB992242CEE0002092E3 /* Debug */ = {
			isa = XCBuildConfiguration;
			buildSettings = {
				ALWAYS_SEARCH_USER_PATHS = NO;
				CLANG_ANALYZER_NONNULL = YES;
				CLANG_ANALYZER_NUMBER_OBJECT_CONVERSION = YES_AGGRESSIVE;
				CLANG_CXX_LANGUAGE_STANDARD = "gnu++14";
				CLANG_CXX_LIBRARY = "libc++";
				CLANG_ENABLE_MODULES = YES;
				CLANG_ENABLE_OBJC_ARC = YES;
				CLANG_ENABLE_OBJC_WEAK = YES;
				CLANG_WARN_BLOCK_CAPTURE_AUTORELEASING = YES;
				CLANG_WARN_BOOL_CONVERSION = YES;
				CLANG_WARN_COMMA = YES;
				CLANG_WARN_CONSTANT_CONVERSION = YES;
				CLANG_WARN_DEPRECATED_OBJC_IMPLEMENTATIONS = YES;
				CLANG_WARN_DIRECT_OBJC_ISA_USAGE = YES_ERROR;
				CLANG_WARN_DOCUMENTATION_COMMENTS = YES;
				CLANG_WARN_EMPTY_BODY = YES;
				CLANG_WARN_ENUM_CONVERSION = YES;
				CLANG_WARN_INFINITE_RECURSION = YES;
				CLANG_WARN_INT_CONVERSION = YES;
				CLANG_WARN_NON_LITERAL_NULL_CONVERSION = YES;
				CLANG_WARN_OBJC_IMPLICIT_RETAIN_SELF = YES;
				CLANG_WARN_OBJC_LITERAL_CONVERSION = YES;
				CLANG_WARN_OBJC_ROOT_CLASS = YES_ERROR;
				CLANG_WARN_RANGE_LOOP_ANALYSIS = YES;
				CLANG_WARN_STRICT_PROTOTYPES = YES;
				CLANG_WARN_SUSPICIOUS_MOVE = YES;
				CLANG_WARN_UNGUARDED_AVAILABILITY = YES_AGGRESSIVE;
				CLANG_WARN_UNREACHABLE_CODE = YES;
				CLANG_WARN__DUPLICATE_METHOD_MATCH = YES;
				CODE_SIGN_IDENTITY = "iPhone Developer";
				COPY_PHASE_STRIP = NO;
				DEBUG_INFORMATION_FORMAT = dwarf;
				ENABLE_STRICT_OBJC_MSGSEND = YES;
				ENABLE_TESTABILITY = YES;
				GCC_C_LANGUAGE_STANDARD = gnu11;
				GCC_DYNAMIC_NO_PIC = NO;
				GCC_NO_COMMON_BLOCKS = YES;
				GCC_OPTIMIZATION_LEVEL = 0;
				GCC_PREPROCESSOR_DEFINITIONS = (
					"DEBUG=1",
					"$(inherited)",
				);
				GCC_WARN_64_TO_32_BIT_CONVERSION = YES;
				GCC_WARN_ABOUT_RETURN_TYPE = YES_ERROR;
				GCC_WARN_UNDECLARED_SELECTOR = YES;
				GCC_WARN_UNINITIALIZED_AUTOS = YES_AGGRESSIVE;
				GCC_WARN_UNUSED_FUNCTION = YES;
				GCC_WARN_UNUSED_VARIABLE = YES;
				IPHONEOS_DEPLOYMENT_TARGET = 12.1;
				MTL_ENABLE_DEBUG_INFO = INCLUDE_SOURCE;
				MTL_FAST_MATH = YES;
				ONLY_ACTIVE_ARCH = YES;
				SDKROOT = iphoneos;
				SWIFT_ACTIVE_COMPILATION_CONDITIONS = DEBUG;
				SWIFT_OPTIMIZATION_LEVEL = "-Onone";
			};
			name = Debug;
		};
		C1CBAB9A2242CEE0002092E3 /* Release */ = {
			isa = XCBuildConfiguration;
			buildSettings = {
				ALWAYS_SEARCH_USER_PATHS = NO;
				CLANG_ANALYZER_NONNULL = YES;
				CLANG_ANALYZER_NUMBER_OBJECT_CONVERSION = YES_AGGRESSIVE;
				CLANG_CXX_LANGUAGE_STANDARD = "gnu++14";
				CLANG_CXX_LIBRARY = "libc++";
				CLANG_ENABLE_MODULES = YES;
				CLANG_ENABLE_OBJC_ARC = YES;
				CLANG_ENABLE_OBJC_WEAK = YES;
				CLANG_WARN_BLOCK_CAPTURE_AUTORELEASING = YES;
				CLANG_WARN_BOOL_CONVERSION = YES;
				CLANG_WARN_COMMA = YES;
				CLANG_WARN_CONSTANT_CONVERSION = YES;
				CLANG_WARN_DEPRECATED_OBJC_IMPLEMENTATIONS = YES;
				CLANG_WARN_DIRECT_OBJC_ISA_USAGE = YES_ERROR;
				CLANG_WARN_DOCUMENTATION_COMMENTS = YES;
				CLANG_WARN_EMPTY_BODY = YES;
				CLANG_WARN_ENUM_CONVERSION = YES;
				CLANG_WARN_INFINITE_RECURSION = YES;
				CLANG_WARN_INT_CONVERSION = YES;
				CLANG_WARN_NON_LITERAL_NULL_CONVERSION = YES;
				CLANG_WARN_OBJC_IMPLICIT_RETAIN_SELF = YES;
				CLANG_WARN_OBJC_LITERAL_CONVERSION = YES;
				CLANG_WARN_OBJC_ROOT_CLASS = YES_ERROR;
				CLANG_WARN_RANGE_LOOP_ANALYSIS = YES;
				CLANG_WARN_STRICT_PROTOTYPES = YES;
				CLANG_WARN_SUSPICIOUS_MOVE = YES;
				CLANG_WARN_UNGUARDED_AVAILABILITY = YES_AGGRESSIVE;
				CLANG_WARN_UNREACHABLE_CODE = YES;
				CLANG_WARN__DUPLICATE_METHOD_MATCH = YES;
				CODE_SIGN_IDENTITY = "iPhone Developer";
				COPY_PHASE_STRIP = NO;
				DEBUG_INFORMATION_FORMAT = "dwarf-with-dsym";
				ENABLE_NS_ASSERTIONS = NO;
				ENABLE_STRICT_OBJC_MSGSEND = YES;
				GCC_C_LANGUAGE_STANDARD = gnu11;
				GCC_NO_COMMON_BLOCKS = YES;
				GCC_WARN_64_TO_32_BIT_CONVERSION = YES;
				GCC_WARN_ABOUT_RETURN_TYPE = YES_ERROR;
				GCC_WARN_UNDECLARED_SELECTOR = YES;
				GCC_WARN_UNINITIALIZED_AUTOS = YES_AGGRESSIVE;
				GCC_WARN_UNUSED_FUNCTION = YES;
				GCC_WARN_UNUSED_VARIABLE = YES;
				IPHONEOS_DEPLOYMENT_TARGET = 12.1;
				MTL_ENABLE_DEBUG_INFO = NO;
				MTL_FAST_MATH = YES;
				SDKROOT = iphoneos;
				SWIFT_COMPILATION_MODE = wholemodule;
				SWIFT_OPTIMIZATION_LEVEL = "-O";
				VALIDATE_PRODUCT = YES;
			};
			name = Release;
		};
		C1CBAB9C2242CEE0002092E3 /* Debug */ = {
			isa = XCBuildConfiguration;
			buildSettings = {
				ASSETCATALOG_COMPILER_APPICON_NAME = AppIcon;
				CODE_SIGN_STYLE = Automatic;
				DEVELOPMENT_TEAM = WNAGBXF4G9;
				INFOPLIST_FILE = BitcoinBolt/Info.plist;
				LD_RUNPATH_SEARCH_PATHS = (
					"$(inherited)",
					"@executable_path/Frameworks",
				);
				PRODUCT_BUNDLE_IDENTIFIER = com.johannkerr.BitcoinBolt;
				PRODUCT_NAME = "$(TARGET_NAME)";
				SWIFT_VERSION = 4.2;
				TARGETED_DEVICE_FAMILY = "1,2";
			};
			name = Debug;
		};
		C1CBAB9D2242CEE0002092E3 /* Release */ = {
			isa = XCBuildConfiguration;
			buildSettings = {
				ASSETCATALOG_COMPILER_APPICON_NAME = AppIcon;
				CODE_SIGN_STYLE = Automatic;
				DEVELOPMENT_TEAM = WNAGBXF4G9;
				INFOPLIST_FILE = BitcoinBolt/Info.plist;
				LD_RUNPATH_SEARCH_PATHS = (
					"$(inherited)",
					"@executable_path/Frameworks",
				);
				PRODUCT_BUNDLE_IDENTIFIER = com.johannkerr.BitcoinBolt;
				PRODUCT_NAME = "$(TARGET_NAME)";
				SWIFT_VERSION = 4.2;
				TARGETED_DEVICE_FAMILY = "1,2";
			};
			name = Release;
		};
		C1CBAB9F2242CEE0002092E3 /* Debug */ = {
			isa = XCBuildConfiguration;
			buildSettings = {
				ALWAYS_EMBED_SWIFT_STANDARD_LIBRARIES = YES;
				BUNDLE_LOADER = "$(TEST_HOST)";
				CODE_SIGN_STYLE = Automatic;
				DEVELOPMENT_TEAM = WNAGBXF4G9;
				INFOPLIST_FILE = BitcoinBoltTests/Info.plist;
				LD_RUNPATH_SEARCH_PATHS = (
					"$(inherited)",
					"@executable_path/Frameworks",
					"@loader_path/Frameworks",
				);
				PRODUCT_BUNDLE_IDENTIFIER = com.johannkerr.BitcoinBoltTests;
				PRODUCT_NAME = "$(TARGET_NAME)";
				SWIFT_VERSION = 4.2;
				TARGETED_DEVICE_FAMILY = "1,2";
				TEST_HOST = "$(BUILT_PRODUCTS_DIR)/BitcoinBolt.app/BitcoinBolt";
			};
			name = Debug;
		};
		C1CBABA02242CEE0002092E3 /* Release */ = {
			isa = XCBuildConfiguration;
			buildSettings = {
				ALWAYS_EMBED_SWIFT_STANDARD_LIBRARIES = YES;
				BUNDLE_LOADER = "$(TEST_HOST)";
				CODE_SIGN_STYLE = Automatic;
				DEVELOPMENT_TEAM = WNAGBXF4G9;
				INFOPLIST_FILE = BitcoinBoltTests/Info.plist;
				LD_RUNPATH_SEARCH_PATHS = (
					"$(inherited)",
					"@executable_path/Frameworks",
					"@loader_path/Frameworks",
				);
				PRODUCT_BUNDLE_IDENTIFIER = com.johannkerr.BitcoinBoltTests;
				PRODUCT_NAME = "$(TARGET_NAME)";
				SWIFT_VERSION = 4.2;
				TARGETED_DEVICE_FAMILY = "1,2";
				TEST_HOST = "$(BUILT_PRODUCTS_DIR)/BitcoinBolt.app/BitcoinBolt";
			};
			name = Release;
		};
		C1CBABA22242CEE0002092E3 /* Debug */ = {
			isa = XCBuildConfiguration;
			buildSettings = {
				ALWAYS_EMBED_SWIFT_STANDARD_LIBRARIES = YES;
				CODE_SIGN_STYLE = Automatic;
				DEVELOPMENT_TEAM = WNAGBXF4G9;
				INFOPLIST_FILE = BitcoinBoltUITests/Info.plist;
				LD_RUNPATH_SEARCH_PATHS = (
					"$(inherited)",
					"@executable_path/Frameworks",
					"@loader_path/Frameworks",
				);
				PRODUCT_BUNDLE_IDENTIFIER = com.johannkerr.BitcoinBoltUITests;
				PRODUCT_NAME = "$(TARGET_NAME)";
				SWIFT_VERSION = 4.2;
				TARGETED_DEVICE_FAMILY = "1,2";
				TEST_TARGET_NAME = BitcoinBolt;
			};
			name = Debug;
		};
		C1CBABA32242CEE0002092E3 /* Release */ = {
			isa = XCBuildConfiguration;
			buildSettings = {
				ALWAYS_EMBED_SWIFT_STANDARD_LIBRARIES = YES;
				CODE_SIGN_STYLE = Automatic;
				DEVELOPMENT_TEAM = WNAGBXF4G9;
				INFOPLIST_FILE = BitcoinBoltUITests/Info.plist;
				LD_RUNPATH_SEARCH_PATHS = (
					"$(inherited)",
					"@executable_path/Frameworks",
					"@loader_path/Frameworks",
				);
				PRODUCT_BUNDLE_IDENTIFIER = com.johannkerr.BitcoinBoltUITests;
				PRODUCT_NAME = "$(TARGET_NAME)";
				SWIFT_VERSION = 4.2;
				TARGETED_DEVICE_FAMILY = "1,2";
				TEST_TARGET_NAME = BitcoinBolt;
			};
			name = Release;
		};
/* End XCBuildConfiguration section */

/* Begin XCConfigurationList section */
		C1CBAB6E2242CEDC002092E3 /* Build configuration list for PBXProject "BitcoinBolt" */ = {
			isa = XCConfigurationList;
			buildConfigurations = (
				C1CBAB992242CEE0002092E3 /* Debug */,
				C1CBAB9A2242CEE0002092E3 /* Release */,
			);
			defaultConfigurationIsVisible = 0;
			defaultConfigurationName = Release;
		};
		C1CBAB9B2242CEE0002092E3 /* Build configuration list for PBXNativeTarget "BitcoinBolt" */ = {
			isa = XCConfigurationList;
			buildConfigurations = (
				C1CBAB9C2242CEE0002092E3 /* Debug */,
				C1CBAB9D2242CEE0002092E3 /* Release */,
			);
			defaultConfigurationIsVisible = 0;
			defaultConfigurationName = Release;
		};
		C1CBAB9E2242CEE0002092E3 /* Build configuration list for PBXNativeTarget "BitcoinBoltTests" */ = {
			isa = XCConfigurationList;
			buildConfigurations = (
				C1CBAB9F2242CEE0002092E3 /* Debug */,
				C1CBABA02242CEE0002092E3 /* Release */,
			);
			defaultConfigurationIsVisible = 0;
			defaultConfigurationName = Release;
		};
		C1CBABA12242CEE0002092E3 /* Build configuration list for PBXNativeTarget "BitcoinBoltUITests" */ = {
			isa = XCConfigurationList;
			buildConfigurations = (
				C1CBABA22242CEE0002092E3 /* Debug */,
				C1CBABA32242CEE0002092E3 /* Release */,
			);
			defaultConfigurationIsVisible = 0;
			defaultConfigurationName = Release;
		};
/* End XCConfigurationList section */
	};
	rootObject = C1CBAB6B2242CEDC002092E3 /* Project object */;
}
